
Microsoft Visual Studio Solution File, Format Version 12.00
# Visual Studio 2012
Project("{FAE04EC0-301F-11D3-BF4B-00C04F79EFBC}") = "AppData", "AppData\AppData.csproj", "{CC88BAA2-D714-46DE-9E3A-D1030A2414B4}"
EndProject
Global
	GlobalSection(SolutionConfigurationPlatforms) = preSolution
		Debug|Any CPU = Debug|Any CPU
		Release|Any CPU = Release|Any CPU
	EndGlobalSection
	GlobalSection(ProjectConfigurationPlatforms) = postSolution
		{CC88BAA2-D714-46DE-9E3A-D1030A2414B4}.Debug|Any CPU.ActiveCfg = Debug|Any CPU
		{CC88BAA2-D714-46DE-9E3A-D1030A2414B4}.Debug|Any CPU.Build.0 = Debug|Any CPU
		{CC88BAA2-D714-46DE-9E3A-D1030A2414B4}.Release|Any CPU.ActiveCfg = Release|Any CPU
		{CC88BAA2-D714-46DE-9E3A-D1030A2414B4}.Release|Any CPU.Build.0 = Release|Any CPU
	EndGlobalSection
	GlobalSection(SolutionProperties) = preSolution
		HideSolutionNode = FALSE
	EndGlobalSection
EndGlobal
